
Microsoft Visual Studio Solution File, Format Version 12.00
# Visual Studio Version 17
VisualStudioVersion = 17.11.35222.181
MinimumVisualStudioVersion = 10.0.40219.1
Project("{FAE04EC0-301F-11D3-BF4B-00C04F79EFBC}") = "BookStore", "BookStore\BookStore.csproj", "{09CAFE10-3D86-483C-A765-CE69330EE9F6}"
EndProject
Global
	GlobalSection(SolutionConfigurationPlatforms) = preSolution
		Debug|Any CPU = Debug|Any CPU
		Release|Any CPU = Release|Any CPU
	EndGlobalSection
	GlobalSection(ProjectConfigurationPlatforms) = postSolution
		{09CAFE10-3D86-483C-A765-CE69330EE9F6}.Debug|Any CPU.ActiveCfg = Debug|Any CPU
		{09CAFE10-3D86-483C-A765-CE69330EE9F6}.Debug|Any CPU.Build.0 = Debug|Any CPU
		{09CAFE10-3D86-483C-A765-CE69330EE9F6}.Release|Any CPU.ActiveCfg = Release|Any CPU
		{09CAFE10-3D86-483C-A765-CE69330EE9F6}.Release|Any CPU.Build.0 = Release|Any CPU
	EndGlobalSection
	GlobalSection(SolutionProperties) = preSolution
		HideSolutionNode = FALSE
	EndGlobalSection
	GlobalSection(ExtensibilityGlobals) = postSolution
		SolutionGuid = {CC8C3D66-7BEE-434F-9174-5F926DE93739}
	EndGlobalSection
EndGlobal
